
Microsoft Visual Studio Solution File, Format Version 12.00
Project("{FAE04EC0-301F-11D3-BF4B-00C04F79EFBC}") = "Elasticsearch-NEST", "Elasticsearch-NEST\Elasticsearch-NEST.csproj", "{F78A454F-FA87-4B18-9DB0-48A9AFB0428D}"
EndProject
Global
	GlobalSection(SolutionConfigurationPlatforms) = preSolution
		Debug|Any CPU = Debug|Any CPU
		Release|Any CPU = Release|Any CPU
	EndGlobalSection
	GlobalSection(ProjectConfigurationPlatforms) = postSolution
		{F78A454F-FA87-4B18-9DB0-48A9AFB0428D}.Debug|Any CPU.ActiveCfg = Debug|Any CPU
		{F78A454F-FA87-4B18-9DB0-48A9AFB0428D}.Debug|Any CPU.Build.0 = Debug|Any CPU
		{F78A454F-FA87-4B18-9DB0-48A9AFB0428D}.Release|Any CPU.ActiveCfg = Release|Any CPU
		{F78A454F-FA87-4B18-9DB0-48A9AFB0428D}.Release|Any CPU.Build.0 = Release|Any CPU
	EndGlobalSection
EndGlobal
